
Microsoft Visual Studio Solution File, Format Version 12.00
# Visual Studio 15
VisualStudioVersion = 15.0.28307.489
MinimumVisualStudioVersion = 10.0.40219.1
Project("{FAE04EC0-301F-11D3-BF4B-00C04F79EFBC}") = "RevisaoProva_Web2", "RevisaoProva_Web2\RevisaoProva_Web2.csproj", "{ADDE42C6-9082-4314-86F1-6996BF905447}"
EndProject
Global
	GlobalSection(SolutionConfigurationPlatforms) = preSolution
		Debug|Any CPU = Debug|Any CPU
		Release|Any CPU = Release|Any CPU
	EndGlobalSection
	GlobalSection(ProjectConfigurationPlatforms) = postSolution
		{ADDE42C6-9082-4314-86F1-6996BF905447}.Debug|Any CPU.ActiveCfg = Debug|Any CPU
		{ADDE42C6-9082-4314-86F1-6996BF905447}.Debug|Any CPU.Build.0 = Debug|Any CPU
		{ADDE42C6-9082-4314-86F1-6996BF905447}.Release|Any CPU.ActiveCfg = Release|Any CPU
		{ADDE42C6-9082-4314-86F1-6996BF905447}.Release|Any CPU.Build.0 = Release|Any CPU
	EndGlobalSection
	GlobalSection(SolutionProperties) = preSolution
		HideSolutionNode = FALSE
	EndGlobalSection
	GlobalSection(ExtensibilityGlobals) = postSolution
		SolutionGuid = {562D6AA4-C759-4972-A91E-C71149F88269}
	EndGlobalSection
EndGlobal
